
Microsoft Visual Studio Solution File, Format Version 11.00
# Visual Studio 2010
Project("{FAE04EC0-301F-11D3-BF4B-00C04F79EFBC}") = "File Exchange Manager", "ftptts\File Exchange Manager.csproj", "{6094E0BE-89D2-42CE-92E4-06911FA0CEBC}"
EndProject
Project("{FAE04EC0-301F-11D3-BF4B-00C04F79EFBC}") = "FEM.UnitTest", "FEMUnitTest\FEM.UnitTest.csproj", "{9444A1D6-E5DC-4156-A462-3FA31F129028}"
EndProject
Global
	GlobalSection(SolutionConfigurationPlatforms) = preSolution
		Debug|Any CPU = Debug|Any CPU
		Debug|Mixed Platforms = Debug|Mixed Platforms
		Debug|x86 = Debug|x86
		Release|Any CPU = Release|Any CPU
		Release|Mixed Platforms = Release|Mixed Platforms
		Release|x86 = Release|x86
	EndGlobalSection
	GlobalSection(ProjectConfigurationPlatforms) = postSolution
		{6094E0BE-89D2-42CE-92E4-06911FA0CEBC}.Debug|Any CPU.ActiveCfg = Debug|x86
		{6094E0BE-89D2-42CE-92E4-06911FA0CEBC}.Debug|Mixed Platforms.ActiveCfg = Debug|x86
		{6094E0BE-89D2-42CE-92E4-06911FA0CEBC}.Debug|Mixed Platforms.Build.0 = Debug|x86
		{6094E0BE-89D2-42CE-92E4-06911FA0CEBC}.Debug|x86.ActiveCfg = Debug|x86
		{6094E0BE-89D2-42CE-92E4-06911FA0CEBC}.Debug|x86.Build.0 = Debug|x86
		{6094E0BE-89D2-42CE-92E4-06911FA0CEBC}.Release|Any CPU.ActiveCfg = Release|x86
		{6094E0BE-89D2-42CE-92E4-06911FA0CEBC}.Release|Mixed Platforms.ActiveCfg = Release|x86
		{6094E0BE-89D2-42CE-92E4-06911FA0CEBC}.Release|Mixed Platforms.Build.0 = Release|x86
		{6094E0BE-89D2-42CE-92E4-06911FA0CEBC}.Release|x86.ActiveCfg = Release|x86
		{6094E0BE-89D2-42CE-92E4-06911FA0CEBC}.Release|x86.Build.0 = Release|x86
		{9444A1D6-E5DC-4156-A462-3FA31F129028}.Debug|Any CPU.ActiveCfg = Debug|Any CPU
		{9444A1D6-E5DC-4156-A462-3FA31F129028}.Debug|Any CPU.Build.0 = Debug|Any CPU
		{9444A1D6-E5DC-4156-A462-3FA31F129028}.Debug|Mixed Platforms.ActiveCfg = Debug|Any CPU
		{9444A1D6-E5DC-4156-A462-3FA31F129028}.Debug|Mixed Platforms.Build.0 = Debug|Any CPU
		{9444A1D6-E5DC-4156-A462-3FA31F129028}.Debug|x86.ActiveCfg = Debug|Any CPU
		{9444A1D6-E5DC-4156-A462-3FA31F129028}.Release|Any CPU.ActiveCfg = Release|Any CPU
		{9444A1D6-E5DC-4156-A462-3FA31F129028}.Release|Any CPU.Build.0 = Release|Any CPU
		{9444A1D6-E5DC-4156-A462-3FA31F129028}.Release|Mixed Platforms.ActiveCfg = Release|Any CPU
		{9444A1D6-E5DC-4156-A462-3FA31F129028}.Release|Mixed Platforms.Build.0 = Release|Any CPU
		{9444A1D6-E5DC-4156-A462-3FA31F129028}.Release|x86.ActiveCfg = Release|Any CPU
	EndGlobalSection
	GlobalSection(SolutionProperties) = preSolution
		HideSolutionNode = FALSE
	EndGlobalSection
EndGlobal
